// !$*UTF8*$!
{
	archiveVersion = 1;
	classes = {
	};
	objectVersion = 46;
	objects = {

/* Begin PBXBuildFile section */
		608E5C161DE2A663007E2B1F /* AlarmObject.swift in Sources */ = {isa = PBXBuildFile; fileRef = 608E5C151DE2A663007E2B1F /* AlarmObject.swift */; };
		608E5C181DE2A9C3007E2B1F /* AlarmOn.storyboard in Resources */ = {isa = PBXBuildFile; fileRef = 608E5C171DE2A9C3007E2B1F /* AlarmOn.storyboard */; };
		608E5C1C1DE2ABE4007E2B1F /* AlarmOnViewController.swift in Sources */ = {isa = PBXBuildFile; fileRef = 608E5C1B1DE2ABE4007E2B1F /* AlarmOnViewController.swift */; };
		608E5C1E1DE2B6B9007E2B1F /* CircularView.swift in Sources */ = {isa = PBXBuildFile; fileRef = 608E5C1D1DE2B6B9007E2B1F /* CircularView.swift */; };
		608E5C201DE4539E007E2B1F /* AlarmScheduler.swift in Sources */ = {isa = PBXBuildFile; fileRef = 608E5C1F1DE4539E007E2B1F /* AlarmScheduler.swift */; };
		9B13DC851DE24A5E007A78F1 /* User.swift in Sources */ = {isa = PBXBuildFile; fileRef = 9B13DC821DE24A5E007A78F1 /* User.swift */; };
		9B13DC861DE24A5E007A78F1 /* AlarmSchedule.swift in Sources */ = {isa = PBXBuildFile; fileRef = 9B13DC831DE24A5E007A78F1 /* AlarmSchedule.swift */; };
		9BB5CD8D1DE40A0A002C0F26 /* AccountContainerViewController.swift in Sources */ = {isa = PBXBuildFile; fileRef = 9BB5CD8C1DE40A0A002C0F26 /* AccountContainerViewController.swift */; };
		9BB5CD961DEA521A002C0F26 /* AccountSettingsToggleCell.swift in Sources */ = {isa = PBXBuildFile; fileRef = 9BB5CD941DEA521A002C0F26 /* AccountSettingsToggleCell.swift */; };
		9BB5CD971DEA521A002C0F26 /* AccountSettingsToggleCell.xib in Resources */ = {isa = PBXBuildFile; fileRef = 9BB5CD951DEA521A002C0F26 /* AccountSettingsToggleCell.xib */; };
		9BB5CD9A1DEA5576002C0F26 /* AccountProfileViewCell.swift in Sources */ = {isa = PBXBuildFile; fileRef = 9BB5CD981DEA5576002C0F26 /* AccountProfileViewCell.swift */; };
		9BB5CD9B1DEA5576002C0F26 /* AccountProfileViewCell.xib in Resources */ = {isa = PBXBuildFile; fileRef = 9BB5CD991DEA5576002C0F26 /* AccountProfileViewCell.xib */; };
		C94D6C311DDF0606007F3B03 /* WakeUpContainerViewController.swift in Sources */ = {isa = PBXBuildFile; fileRef = C94D6C301DDF0606007F3B03 /* WakeUpContainerViewController.swift */; };
		C97AC2591DD03F590096FE97 /* AppDelegate.swift in Sources */ = {isa = PBXBuildFile; fileRef = C97AC2581DD03F590096FE97 /* AppDelegate.swift */; };
		C97AC25B1DD03F590096FE97 /* LoginViewController.swift in Sources */ = {isa = PBXBuildFile; fileRef = C97AC25A1DD03F590096FE97 /* LoginViewController.swift */; };
		C97AC25E1DD03F590096FE97 /* Login.storyboard in Resources */ = {isa = PBXBuildFile; fileRef = C97AC25C1DD03F590096FE97 /* Login.storyboard */; };
		C97AC2601DD03F590096FE97 /* Assets.xcassets in Resources */ = {isa = PBXBuildFile; fileRef = C97AC25F1DD03F590096FE97 /* Assets.xcassets */; };
		C97AC2631DD03F590096FE97 /* LaunchScreen.storyboard in Resources */ = {isa = PBXBuildFile; fileRef = C97AC2611DD03F590096FE97 /* LaunchScreen.storyboard */; };
		C9800B111DE1B4A00007F985 /* SleepViewController.swift in Sources */ = {isa = PBXBuildFile; fileRef = C9800B101DE1B4A00007F985 /* SleepViewController.swift */; };
		C982B8201DDC43280098F170 /* WakeUpClockView.xib in Resources */ = {isa = PBXBuildFile; fileRef = C982B81F1DDC43280098F170 /* WakeUpClockView.xib */; };
		C982B8221DDC4EE00098F170 /* WakeUpClockView.swift in Sources */ = {isa = PBXBuildFile; fileRef = C982B8211DDC4EE00098F170 /* WakeUpClockView.swift */; };
		C982B8241DDC59780098F170 /* WakeUpDayListItem.xib in Resources */ = {isa = PBXBuildFile; fileRef = C982B8231DDC59780098F170 /* WakeUpDayListItem.xib */; };
		C982B8261DDC5AD90098F170 /* WakeUpDayListItem.swift in Sources */ = {isa = PBXBuildFile; fileRef = C982B8251DDC5AD90098F170 /* WakeUpDayListItem.swift */; };
		C982B8281DDC62920098F170 /* WakeUpViewController.swift in Sources */ = {isa = PBXBuildFile; fileRef = C982B8271DDC62920098F170 /* WakeUpViewController.swift */; };
		C9B5C5861DD2EB9F001EE244 /* WakeUp.storyboard in Resources */ = {isa = PBXBuildFile; fileRef = C9B5C5851DD2EB9F001EE244 /* WakeUp.storyboard */; };
		C9B5C5881DD2EBAC001EE244 /* Sleep.storyboard in Resources */ = {isa = PBXBuildFile; fileRef = C9B5C5871DD2EBAC001EE244 /* Sleep.storyboard */; };
		C9B5C58A1DD2EBBA001EE244 /* Account.storyboard in Resources */ = {isa = PBXBuildFile; fileRef = C9B5C5891DD2EBBA001EE244 /* Account.storyboard */; };
		C9B5C58C1DD2EBC4001EE244 /* SleepReport.storyboard in Resources */ = {isa = PBXBuildFile; fileRef = C9B5C58B1DD2EBC4001EE244 /* SleepReport.storyboard */; };
		C9B5C58F1DD2EC6A001EE244 /* Infrastructure.storyboard in Resources */ = {isa = PBXBuildFile; fileRef = C9B5C58E1DD2EC6A001EE244 /* Infrastructure.storyboard */; };
		C9B5C5921DD2ED15001EE244 /* Alexa.storyboard in Resources */ = {isa = PBXBuildFile; fileRef = C9B5C5911DD2ED15001EE244 /* Alexa.storyboard */; };
		C9B5C5941DD2EDE7001EE244 /* MainViewController.swift in Sources */ = {isa = PBXBuildFile; fileRef = C9B5C5931DD2EDE7001EE244 /* MainViewController.swift */; };
		C9B5C5961DD2F3B8001EE244 /* AccountViewController.swift in Sources */ = {isa = PBXBuildFile; fileRef = C9B5C5951DD2F3B8001EE244 /* AccountViewController.swift */; };
		C9D0E48A1DE12676000B242A /* WakeUpConfigureViewController.swift in Sources */ = {isa = PBXBuildFile; fileRef = C9D0E4891DE12676000B242A /* WakeUpConfigureViewController.swift */; };
		C9D0E48C1DE133FA000B242A /* WakeUpEditViewController.swift in Sources */ = {isa = PBXBuildFile; fileRef = C9D0E48B1DE133FA000B242A /* WakeUpEditViewController.swift */; };
		C9D0E48E1DE13660000B242A /* DayCheckmarkView.xib in Resources */ = {isa = PBXBuildFile; fileRef = C9D0E48D1DE13660000B242A /* DayCheckmarkView.xib */; };
		C9D0E4901DE13758000B242A /* DayCheckmarkView.swift in Sources */ = {isa = PBXBuildFile; fileRef = C9D0E48F1DE13758000B242A /* DayCheckmarkView.swift */; };
		C9D0E4921DE16F46000B242A /* ClearNavBar.swift in Sources */ = {isa = PBXBuildFile; fileRef = C9D0E4911DE16F46000B242A /* ClearNavBar.swift */; };
		C9D0E4941DE1757E000B242A /* ExtUIImageView.swift in Sources */ = {isa = PBXBuildFile; fileRef = C9D0E4931DE1757E000B242A /* ExtUIImageView.swift */; };
		C9D0E4961DE183F7000B242A /* Theme.swift in Sources */ = {isa = PBXBuildFile; fileRef = C9D0E4951DE183F7000B242A /* Theme.swift */; };
		C9D0E4981DE18498000B242A /* ExtUIColor.swift in Sources */ = {isa = PBXBuildFile; fileRef = C9D0E4971DE18498000B242A /* ExtUIColor.swift */; };
		C9D0E49A1DE19B33000B242A /* BaseNatureViewController.swift in Sources */ = {isa = PBXBuildFile; fileRef = C9D0E4991DE19B33000B242A /* BaseNatureViewController.swift */; };
		C9D0E49C1DE1AB21000B242A /* SleepContainerViewController.swift in Sources */ = {isa = PBXBuildFile; fileRef = C9D0E49B1DE1AB21000B242A /* SleepContainerViewController.swift */; };
		C9E4077D1DE251E0004456CA /* SleepSynopsisView.xib in Resources */ = {isa = PBXBuildFile; fileRef = C9E4077C1DE251E0004456CA /* SleepSynopsisView.xib */; };
		C9E4077F1DE25AEC004456CA /* SleepSynopsisView.swift in Sources */ = {isa = PBXBuildFile; fileRef = C9E4077E1DE25AEC004456CA /* SleepSynopsisView.swift */; };
		C9E407811DE2625E004456CA /* SleepConfigureViewController.swift in Sources */ = {isa = PBXBuildFile; fileRef = C9E407801DE2625E004456CA /* SleepConfigureViewController.swift */; };
		C9E407831DE2796B004456CA /* WakeUpPresenter.swift in Sources */ = {isa = PBXBuildFile; fileRef = C9E407821DE2796B004456CA /* WakeUpPresenter.swift */; };
		C9E407851DE2EA17004456CA /* UserSession.swift in Sources */ = {isa = PBXBuildFile; fileRef = C9E407841DE2EA17004456CA /* UserSession.swift */; };
		C9ED9D5F1DE91E790031EB31 /* AlarmConfiguration.swift in Sources */ = {isa = PBXBuildFile; fileRef = C9ED9D5E1DE91E790031EB31 /* AlarmConfiguration.swift */; };
		C9ED9D611DE951F50031EB31 /* SleepConfiguration.swift in Sources */ = {isa = PBXBuildFile; fileRef = C9ED9D601DE951F50031EB31 /* SleepConfiguration.swift */; };
		C9ED9D631DE9521B0031EB31 /* PlaybackDevice.swift in Sources */ = {isa = PBXBuildFile; fileRef = C9ED9D621DE9521B0031EB31 /* PlaybackDevice.swift */; };
		C9ED9D651DE983E50031EB31 /* SleepSynopsisPresenter.swift in Sources */ = {isa = PBXBuildFile; fileRef = C9ED9D641DE983E50031EB31 /* SleepSynopsisPresenter.swift */; };
		F524C510411A7BB8DA07F49C /* Pods_Ambiance.framework in Frameworks */ = {isa = PBXBuildFile; fileRef = 68B006894DF7C56E34A82B58 /* Pods_Ambiance.framework */; };
/* End PBXBuildFile section */

/* Begin PBXFileReference section */
		608E5C151DE2A663007E2B1F /* AlarmObject.swift */ = {isa = PBXFileReference; fileEncoding = 4; lastKnownFileType = sourcecode.swift; path = AlarmObject.swift; sourceTree = "<group>"; };
		608E5C171DE2A9C3007E2B1F /* AlarmOn.storyboard */ = {isa = PBXFileReference; fileEncoding = 4; lastKnownFileType = file.storyboard; path = AlarmOn.storyboard; sourceTree = "<group>"; };
		608E5C1B1DE2ABE4007E2B1F /* AlarmOnViewController.swift */ = {isa = PBXFileReference; fileEncoding = 4; lastKnownFileType = sourcecode.swift; path = AlarmOnViewController.swift; sourceTree = "<group>"; };
		608E5C1D1DE2B6B9007E2B1F /* CircularView.swift */ = {isa = PBXFileReference; fileEncoding = 4; lastKnownFileType = sourcecode.swift; path = CircularView.swift; sourceTree = "<group>"; };
		608E5C1F1DE4539E007E2B1F /* AlarmScheduler.swift */ = {isa = PBXFileReference; fileEncoding = 4; lastKnownFileType = sourcecode.swift; path = AlarmScheduler.swift; sourceTree = "<group>"; };
		68B006894DF7C56E34A82B58 /* Pods_Ambiance.framework */ = {isa = PBXFileReference; explicitFileType = wrapper.framework; includeInIndex = 0; path = Pods_Ambiance.framework; sourceTree = BUILT_PRODUCTS_DIR; };
		9B13DC821DE24A5E007A78F1 /* User.swift */ = {isa = PBXFileReference; fileEncoding = 4; lastKnownFileType = sourcecode.swift; path = User.swift; sourceTree = "<group>"; };
		9B13DC831DE24A5E007A78F1 /* AlarmSchedule.swift */ = {isa = PBXFileReference; fileEncoding = 4; lastKnownFileType = sourcecode.swift; path = AlarmSchedule.swift; sourceTree = "<group>"; };
		9B13DC881DE24AF8007A78F1 /* Ambiance.entitlements */ = {isa = PBXFileReference; lastKnownFileType = text.plist.entitlements; path = Ambiance.entitlements; sourceTree = "<group>"; };
		9BB5CD8C1DE40A0A002C0F26 /* AccountContainerViewController.swift */ = {isa = PBXFileReference; fileEncoding = 4; lastKnownFileType = sourcecode.swift; path = AccountContainerViewController.swift; sourceTree = "<group>"; };
		9BB5CD941DEA521A002C0F26 /* AccountSettingsToggleCell.swift */ = {isa = PBXFileReference; fileEncoding = 4; lastKnownFileType = sourcecode.swift; path = AccountSettingsToggleCell.swift; sourceTree = "<group>"; };
		9BB5CD951DEA521A002C0F26 /* AccountSettingsToggleCell.xib */ = {isa = PBXFileReference; fileEncoding = 4; lastKnownFileType = file.xib; path = AccountSettingsToggleCell.xib; sourceTree = "<group>"; };
		9BB5CD981DEA5576002C0F26 /* AccountProfileViewCell.swift */ = {isa = PBXFileReference; fileEncoding = 4; lastKnownFileType = sourcecode.swift; path = AccountProfileViewCell.swift; sourceTree = "<group>"; };
		9BB5CD991DEA5576002C0F26 /* AccountProfileViewCell.xib */ = {isa = PBXFileReference; fileEncoding = 4; lastKnownFileType = file.xib; path = AccountProfileViewCell.xib; sourceTree = "<group>"; };
		9C98B9BDABA225AA8BDCF496 /* Pods-Ambiance.release.xcconfig */ = {isa = PBXFileReference; includeInIndex = 1; lastKnownFileType = text.xcconfig; name = "Pods-Ambiance.release.xcconfig"; path = "Pods/Target Support Files/Pods-Ambiance/Pods-Ambiance.release.xcconfig"; sourceTree = "<group>"; };
		C4A698A06B12F0E8BA7B9EFC /* Pods-Ambiance.debug.xcconfig */ = {isa = PBXFileReference; includeInIndex = 1; lastKnownFileType = text.xcconfig; name = "Pods-Ambiance.debug.xcconfig"; path = "Pods/Target Support Files/Pods-Ambiance/Pods-Ambiance.debug.xcconfig"; sourceTree = "<group>"; };
		C94D6C301DDF0606007F3B03 /* WakeUpContainerViewController.swift */ = {isa = PBXFileReference; fileEncoding = 4; lastKnownFileType = sourcecode.swift; path = WakeUpContainerViewController.swift; sourceTree = "<group>"; };
		C97AC2551DD03F590096FE97 /* Ambiance.app */ = {isa = PBXFileReference; explicitFileType = wrapper.application; includeInIndex = 0; path = Ambiance.app; sourceTree = BUILT_PRODUCTS_DIR; };
		C97AC2581DD03F590096FE97 /* AppDelegate.swift */ = {isa = PBXFileReference; lastKnownFileType = sourcecode.swift; path = AppDelegate.swift; sourceTree = "<group>"; };
		C97AC25A1DD03F590096FE97 /* LoginViewController.swift */ = {isa = PBXFileReference; lastKnownFileType = sourcecode.swift; path = LoginViewController.swift; sourceTree = "<group>"; };
		C97AC25D1DD03F590096FE97 /* Base */ = {isa = PBXFileReference; lastKnownFileType = file.storyboard; name = Base; path = Base.lproj/Login.storyboard; sourceTree = "<group>"; };
		C97AC25F1DD03F590096FE97 /* Assets.xcassets */ = {isa = PBXFileReference; lastKnownFileType = folder.assetcatalog; path = Assets.xcassets; sourceTree = "<group>"; };
		C97AC2621DD03F590096FE97 /* Base */ = {isa = PBXFileReference; lastKnownFileType = file.storyboard; name = Base; path = Base.lproj/LaunchScreen.storyboard; sourceTree = "<group>"; };
		C97AC2641DD03F590096FE97 /* Info.plist */ = {isa = PBXFileReference; lastKnownFileType = text.plist.xml; path = Info.plist; sourceTree = "<group>"; };
		C9800B101DE1B4A00007F985 /* SleepViewController.swift */ = {isa = PBXFileReference; fileEncoding = 4; lastKnownFileType = sourcecode.swift; path = SleepViewController.swift; sourceTree = "<group>"; };
		C982B81F1DDC43280098F170 /* WakeUpClockView.xib */ = {isa = PBXFileReference; fileEncoding = 4; lastKnownFileType = file.xib; path = WakeUpClockView.xib; sourceTree = "<group>"; };
		C982B8211DDC4EE00098F170 /* WakeUpClockView.swift */ = {isa = PBXFileReference; fileEncoding = 4; lastKnownFileType = sourcecode.swift; path = WakeUpClockView.swift; sourceTree = "<group>"; };
		C982B8231DDC59780098F170 /* WakeUpDayListItem.xib */ = {isa = PBXFileReference; fileEncoding = 4; lastKnownFileType = file.xib; path = WakeUpDayListItem.xib; sourceTree = "<group>"; };
		C982B8251DDC5AD90098F170 /* WakeUpDayListItem.swift */ = {isa = PBXFileReference; fileEncoding = 4; lastKnownFileType = sourcecode.swift; path = WakeUpDayListItem.swift; sourceTree = "<group>"; };
		C982B8271DDC62920098F170 /* WakeUpViewController.swift */ = {isa = PBXFileReference; fileEncoding = 4; lastKnownFileType = sourcecode.swift; path = WakeUpViewController.swift; sourceTree = "<group>"; };
		C9B5C5851DD2EB9F001EE244 /* WakeUp.storyboard */ = {isa = PBXFileReference; fileEncoding = 4; lastKnownFileType = file.storyboard; path = WakeUp.storyboard; sourceTree = "<group>"; };
		C9B5C5871DD2EBAC001EE244 /* Sleep.storyboard */ = {isa = PBXFileReference; fileEncoding = 4; lastKnownFileType = file.storyboard; path = Sleep.storyboard; sourceTree = "<group>"; };
		C9B5C5891DD2EBBA001EE244 /* Account.storyboard */ = {isa = PBXFileReference; fileEncoding = 4; lastKnownFileType = file.storyboard; path = Account.storyboard; sourceTree = "<group>"; };
		C9B5C58B1DD2EBC4001EE244 /* SleepReport.storyboard */ = {isa = PBXFileReference; fileEncoding = 4; lastKnownFileType = file.storyboard; path = SleepReport.storyboard; sourceTree = "<group>"; };
		C9B5C58E1DD2EC6A001EE244 /* Infrastructure.storyboard */ = {isa = PBXFileReference; fileEncoding = 4; lastKnownFileType = file.storyboard; path = Infrastructure.storyboard; sourceTree = "<group>"; };
		C9B5C5911DD2ED15001EE244 /* Alexa.storyboard */ = {isa = PBXFileReference; fileEncoding = 4; lastKnownFileType = file.storyboard; path = Alexa.storyboard; sourceTree = "<group>"; };
		C9B5C5931DD2EDE7001EE244 /* MainViewController.swift */ = {isa = PBXFileReference; fileEncoding = 4; lastKnownFileType = sourcecode.swift; path = MainViewController.swift; sourceTree = "<group>"; };
		C9B5C5951DD2F3B8001EE244 /* AccountViewController.swift */ = {isa = PBXFileReference; fileEncoding = 4; lastKnownFileType = sourcecode.swift; path = AccountViewController.swift; sourceTree = "<group>"; };
		C9D0E4891DE12676000B242A /* WakeUpConfigureViewController.swift */ = {isa = PBXFileReference; fileEncoding = 4; lastKnownFileType = sourcecode.swift; path = WakeUpConfigureViewController.swift; sourceTree = "<group>"; };
		C9D0E48B1DE133FA000B242A /* WakeUpEditViewController.swift */ = {isa = PBXFileReference; fileEncoding = 4; lastKnownFileType = sourcecode.swift; path = WakeUpEditViewController.swift; sourceTree = "<group>"; };
		C9D0E48D1DE13660000B242A /* DayCheckmarkView.xib */ = {isa = PBXFileReference; fileEncoding = 4; lastKnownFileType = file.xib; path = DayCheckmarkView.xib; sourceTree = "<group>"; };
		C9D0E48F1DE13758000B242A /* DayCheckmarkView.swift */ = {isa = PBXFileReference; fileEncoding = 4; lastKnownFileType = sourcecode.swift; path = DayCheckmarkView.swift; sourceTree = "<group>"; };
		C9D0E4911DE16F46000B242A /* ClearNavBar.swift */ = {isa = PBXFileReference; fileEncoding = 4; lastKnownFileType = sourcecode.swift; path = ClearNavBar.swift; sourceTree = "<group>"; };
		C9D0E4931DE1757E000B242A /* ExtUIImageView.swift */ = {isa = PBXFileReference; fileEncoding = 4; lastKnownFileType = sourcecode.swift; path = ExtUIImageView.swift; sourceTree = "<group>"; };
		C9D0E4951DE183F7000B242A /* Theme.swift */ = {isa = PBXFileReference; fileEncoding = 4; lastKnownFileType = sourcecode.swift; path = Theme.swift; sourceTree = "<group>"; };
		C9D0E4971DE18498000B242A /* ExtUIColor.swift */ = {isa = PBXFileReference; fileEncoding = 4; lastKnownFileType = sourcecode.swift; path = ExtUIColor.swift; sourceTree = "<group>"; };
		C9D0E4991DE19B33000B242A /* BaseNatureViewController.swift */ = {isa = PBXFileReference; fileEncoding = 4; lastKnownFileType = sourcecode.swift; path = BaseNatureViewController.swift; sourceTree = "<group>"; };
		C9D0E49B1DE1AB21000B242A /* SleepContainerViewController.swift */ = {isa = PBXFileReference; fileEncoding = 4; lastKnownFileType = sourcecode.swift; path = SleepContainerViewController.swift; sourceTree = "<group>"; };
		C9E4077C1DE251E0004456CA /* SleepSynopsisView.xib */ = {isa = PBXFileReference; fileEncoding = 4; lastKnownFileType = file.xib; path = SleepSynopsisView.xib; sourceTree = "<group>"; };
		C9E4077E1DE25AEC004456CA /* SleepSynopsisView.swift */ = {isa = PBXFileReference; fileEncoding = 4; lastKnownFileType = sourcecode.swift; path = SleepSynopsisView.swift; sourceTree = "<group>"; };
		C9E407801DE2625E004456CA /* SleepConfigureViewController.swift */ = {isa = PBXFileReference; fileEncoding = 4; lastKnownFileType = sourcecode.swift; path = SleepConfigureViewController.swift; sourceTree = "<group>"; };
		C9E407821DE2796B004456CA /* WakeUpPresenter.swift */ = {isa = PBXFileReference; fileEncoding = 4; lastKnownFileType = sourcecode.swift; path = WakeUpPresenter.swift; sourceTree = "<group>"; };
		C9E407841DE2EA17004456CA /* UserSession.swift */ = {isa = PBXFileReference; fileEncoding = 4; lastKnownFileType = sourcecode.swift; path = UserSession.swift; sourceTree = "<group>"; };
		C9ED9D5E1DE91E790031EB31 /* AlarmConfiguration.swift */ = {isa = PBXFileReference; fileEncoding = 4; lastKnownFileType = sourcecode.swift; path = AlarmConfiguration.swift; sourceTree = "<group>"; };
		C9ED9D601DE951F50031EB31 /* SleepConfiguration.swift */ = {isa = PBXFileReference; fileEncoding = 4; lastKnownFileType = sourcecode.swift; path = SleepConfiguration.swift; sourceTree = "<group>"; };
		C9ED9D621DE9521B0031EB31 /* PlaybackDevice.swift */ = {isa = PBXFileReference; fileEncoding = 4; lastKnownFileType = sourcecode.swift; path = PlaybackDevice.swift; sourceTree = "<group>"; };
		C9ED9D641DE983E50031EB31 /* SleepSynopsisPresenter.swift */ = {isa = PBXFileReference; fileEncoding = 4; lastKnownFileType = sourcecode.swift; path = SleepSynopsisPresenter.swift; sourceTree = "<group>"; };
/* End PBXFileReference section */

/* Begin PBXFrameworksBuildPhase section */
		C97AC2521DD03F590096FE97 /* Frameworks */ = {
			isa = PBXFrameworksBuildPhase;
			buildActionMask = 2147483647;
			files = (
				F524C510411A7BB8DA07F49C /* Pods_Ambiance.framework in Frameworks */,
			);
			runOnlyForDeploymentPostprocessing = 0;
		};
/* End PBXFrameworksBuildPhase section */

/* Begin PBXGroup section */
		608E5C141DE2A622007E2B1F /* AlarmOn */ = {
			isa = PBXGroup;
			children = (
				608E5C151DE2A663007E2B1F /* AlarmObject.swift */,
				608E5C171DE2A9C3007E2B1F /* AlarmOn.storyboard */,
				608E5C1B1DE2ABE4007E2B1F /* AlarmOnViewController.swift */,
				608E5C1D1DE2B6B9007E2B1F /* CircularView.swift */,
				608E5C1F1DE4539E007E2B1F /* AlarmScheduler.swift */,
			);
			name = AlarmOn;
			sourceTree = "<group>";
		};
		8D828976C82F8FDBF48D5987 /* Pods */ = {
			isa = PBXGroup;
			children = (
				C4A698A06B12F0E8BA7B9EFC /* Pods-Ambiance.debug.xcconfig */,
				9C98B9BDABA225AA8BDCF496 /* Pods-Ambiance.release.xcconfig */,
			);
			name = Pods;
			sourceTree = "<group>";
		};
		ACE0D1DA716BAA7416DF89D9 /* Frameworks */ = {
			isa = PBXGroup;
			children = (
				68B006894DF7C56E34A82B58 /* Pods_Ambiance.framework */,
			);
			name = Frameworks;
			sourceTree = "<group>";
		};
		C97AC24C1DD03F590096FE97 = {
			isa = PBXGroup;
			children = (
				C97AC2571DD03F590096FE97 /* Ambiance */,
				C97AC2561DD03F590096FE97 /* Products */,
				8D828976C82F8FDBF48D5987 /* Pods */,
				ACE0D1DA716BAA7416DF89D9 /* Frameworks */,
			);
			sourceTree = "<group>";
		};
		C97AC2561DD03F590096FE97 /* Products */ = {
			isa = PBXGroup;
			children = (
				C97AC2551DD03F590096FE97 /* Ambiance.app */,
			);
			name = Products;
			sourceTree = "<group>";
		};
		C97AC2571DD03F590096FE97 /* Ambiance */ = {
			isa = PBXGroup;
			children = (
				608E5C141DE2A622007E2B1F /* AlarmOn */,
				9B13DC881DE24AF8007A78F1 /* Ambiance.entitlements */,
				C97AC2581DD03F590096FE97 /* AppDelegate.swift */,
				C97AC2611DD03F590096FE97 /* LaunchScreen.storyboard */,
				C9B5C5901DD2ECF3001EE244 /* Alexa */,
				C9B5C5801DD2EB43001EE244 /* UserSession */,
				C9B5C58D1DD2EC56001EE244 /* Infrasture */,
				C9B5C5841DD2EB73001EE244 /* SleepReport */,
				C9B5C5831DD2EB61001EE244 /* Account */,
				C9B5C5821DD2EB59001EE244 /* Sleep */,
				C9B5C5811DD2EB52001EE244 /* WakeUp */,
				C97AC25F1DD03F590096FE97 /* Assets.xcassets */,
				C97AC2641DD03F590096FE97 /* Info.plist */,
			);
			path = Ambiance;
			sourceTree = "<group>";
		};
		C9B5C5801DD2EB43001EE244 /* UserSession */ = {
			isa = PBXGroup;
			children = (
				C97AC25C1DD03F590096FE97 /* Login.storyboard */,
				C97AC25A1DD03F590096FE97 /* LoginViewController.swift */,
				9B13DC821DE24A5E007A78F1 /* User.swift */,
				9B13DC831DE24A5E007A78F1 /* AlarmSchedule.swift */,
				C9E407841DE2EA17004456CA /* UserSession.swift */,
				C9ED9D5E1DE91E790031EB31 /* AlarmConfiguration.swift */,
				C9ED9D601DE951F50031EB31 /* SleepConfiguration.swift */,
				C9ED9D621DE9521B0031EB31 /* PlaybackDevice.swift */,
			);
			name = UserSession;
			sourceTree = "<group>";
		};
		C9B5C5811DD2EB52001EE244 /* WakeUp */ = {
			isa = PBXGroup;
			children = (
				C9B5C5851DD2EB9F001EE244 /* WakeUp.storyboard */,
				C982B81F1DDC43280098F170 /* WakeUpClockView.xib */,
				C982B8211DDC4EE00098F170 /* WakeUpClockView.swift */,
				C982B8231DDC59780098F170 /* WakeUpDayListItem.xib */,
				C982B8251DDC5AD90098F170 /* WakeUpDayListItem.swift */,
				C982B8271DDC62920098F170 /* WakeUpViewController.swift */,
				C94D6C301DDF0606007F3B03 /* WakeUpContainerViewController.swift */,
				C9D0E4891DE12676000B242A /* WakeUpConfigureViewController.swift */,
				C9D0E48B1DE133FA000B242A /* WakeUpEditViewController.swift */,
				C9D0E48D1DE13660000B242A /* DayCheckmarkView.xib */,
				C9D0E48F1DE13758000B242A /* DayCheckmarkView.swift */,
				C9E407821DE2796B004456CA /* WakeUpPresenter.swift */,
			);
			name = WakeUp;
			sourceTree = "<group>";
		};
		C9B5C5821DD2EB59001EE244 /* Sleep */ = {
			isa = PBXGroup;
			children = (
				C9B5C5871DD2EBAC001EE244 /* Sleep.storyboard */,
				C9D0E49B1DE1AB21000B242A /* SleepContainerViewController.swift */,
				C9800B101DE1B4A00007F985 /* SleepViewController.swift */,
				C9E4077C1DE251E0004456CA /* SleepSynopsisView.xib */,
				C9E4077E1DE25AEC004456CA /* SleepSynopsisView.swift */,
				C9E407801DE2625E004456CA /* SleepConfigureViewController.swift */,
				C9ED9D641DE983E50031EB31 /* SleepSynopsisPresenter.swift */,
			);
			name = Sleep;
			sourceTree = "<group>";
		};
		C9B5C5831DD2EB61001EE244 /* Account */ = {
			isa = PBXGroup;
			children = (
				C9B5C5891DD2EBBA001EE244 /* Account.storyboard */,
				9BB5CD8C1DE40A0A002C0F26 /* AccountContainerViewController.swift */,
				C9B5C5951DD2F3B8001EE244 /* AccountViewController.swift */,
				9BB5CD981DEA5576002C0F26 /* AccountProfileViewCell.swift */,
				9BB5CD991DEA5576002C0F26 /* AccountProfileViewCell.xib */,
				9BB5CD941DEA521A002C0F26 /* AccountSettingsToggleCell.swift */,
				9BB5CD951DEA521A002C0F26 /* AccountSettingsToggleCell.xib */,
			);
			name = Account;
			sourceTree = "<group>";
		};
		C9B5C5841DD2EB73001EE244 /* SleepReport */ = {
			isa = PBXGroup;
			children = (
				C9B5C58B1DD2EBC4001EE244 /* SleepReport.storyboard */,
			);
			name = SleepReport;
			sourceTree = "<group>";
		};
		C9B5C58D1DD2EC56001EE244 /* Infrasture */ = {
			isa = PBXGroup;
			children = (
				C9B5C58E1DD2EC6A001EE244 /* Infrastructure.storyboard */,
				C9B5C5931DD2EDE7001EE244 /* MainViewController.swift */,
				C9D0E4911DE16F46000B242A /* ClearNavBar.swift */,
				C9D0E4931DE1757E000B242A /* ExtUIImageView.swift */,
				C9D0E4951DE183F7000B242A /* Theme.swift */,
				C9D0E4971DE18498000B242A /* ExtUIColor.swift */,
				C9D0E4991DE19B33000B242A /* BaseNatureViewController.swift */,
			);
			name = Infrasture;
			sourceTree = "<group>";
		};
		C9B5C5901DD2ECF3001EE244 /* Alexa */ = {
			isa = PBXGroup;
			children = (
				C9B5C5911DD2ED15001EE244 /* Alexa.storyboard */,
			);
			name = Alexa;
			sourceTree = "<group>";
		};
/* End PBXGroup section */

/* Begin PBXNativeTarget section */
		C97AC2541DD03F590096FE97 /* Ambiance */ = {
			isa = PBXNativeTarget;
			buildConfigurationList = C97AC2671DD03F590096FE97 /* Build configuration list for PBXNativeTarget "Ambiance" */;
			buildPhases = (
				067C2E8F5F5A75A68126CD79 /* [CP] Check Pods Manifest.lock */,
				C97AC2511DD03F590096FE97 /* Sources */,
				C97AC2521DD03F590096FE97 /* Frameworks */,
				C97AC2531DD03F590096FE97 /* Resources */,
				1C5661FB5607C4CD4B3D6430 /* [CP] Embed Pods Frameworks */,
				E6A71574944CDE231114BC0A /* [CP] Copy Pods Resources */,
			);
			buildRules = (
			);
			dependencies = (
			);
			name = Ambiance;
			productName = Ambiance;
			productReference = C97AC2551DD03F590096FE97 /* Ambiance.app */;
			productType = "com.apple.product-type.application";
		};
/* End PBXNativeTarget section */

/* Begin PBXProject section */
		C97AC24D1DD03F590096FE97 /* Project object */ = {
			isa = PBXProject;
			attributes = {
				LastSwiftUpdateCheck = 0800;
				LastUpgradeCheck = 0800;
				ORGANIZATIONNAME = ambiance.com;
				TargetAttributes = {
					C97AC2541DD03F590096FE97 = {
						CreatedOnToolsVersion = 8.0;
						DevelopmentTeam = KM86JAFSYM;
						ProvisioningStyle = Automatic;
						SystemCapabilities = {
							com.apple.Keychain = {
								enabled = 1;
							};
						};
					};
				};
			};
			buildConfigurationList = C97AC2501DD03F590096FE97 /* Build configuration list for PBXProject "Ambiance" */;
			compatibilityVersion = "Xcode 3.2";
			developmentRegion = English;
			hasScannedForEncodings = 0;
			knownRegions = (
				en,
				Base,
			);
			mainGroup = C97AC24C1DD03F590096FE97;
			productRefGroup = C97AC2561DD03F590096FE97 /* Products */;
			projectDirPath = "";
			projectRoot = "";
			targets = (
				C97AC2541DD03F590096FE97 /* Ambiance */,
			);
		};
/* End PBXProject section */

/* Begin PBXResourcesBuildPhase section */
		C97AC2531DD03F590096FE97 /* Resources */ = {
			isa = PBXResourcesBuildPhase;
			buildActionMask = 2147483647;
			files = (
				C9B5C5861DD2EB9F001EE244 /* WakeUp.storyboard in Resources */,
				C9B5C58C1DD2EBC4001EE244 /* SleepReport.storyboard in Resources */,
				C97AC2631DD03F590096FE97 /* LaunchScreen.storyboard in Resources */,
				9BB5CD9B1DEA5576002C0F26 /* AccountProfileViewCell.xib in Resources */,
				C9D0E48E1DE13660000B242A /* DayCheckmarkView.xib in Resources */,
				C97AC2601DD03F590096FE97 /* Assets.xcassets in Resources */,
				C9B5C58F1DD2EC6A001EE244 /* Infrastructure.storyboard in Resources */,
				C9E4077D1DE251E0004456CA /* SleepSynopsisView.xib in Resources */,
				608E5C181DE2A9C3007E2B1F /* AlarmOn.storyboard in Resources */,
				C982B8241DDC59780098F170 /* WakeUpDayListItem.xib in Resources */,
				C9B5C5921DD2ED15001EE244 /* Alexa.storyboard in Resources */,
				C982B8201DDC43280098F170 /* WakeUpClockView.xib in Resources */,
				C9B5C58A1DD2EBBA001EE244 /* Account.storyboard in Resources */,
				C97AC25E1DD03F590096FE97 /* Login.storyboard in Resources */,
				9BB5CD971DEA521A002C0F26 /* AccountSettingsToggleCell.xib in Resources */,
				C9B5C5881DD2EBAC001EE244 /* Sleep.storyboard in Resources */,
			);
			runOnlyForDeploymentPostprocessing = 0;
		};
/* End PBXResourcesBuildPhase section */

/* Begin PBXShellScriptBuildPhase section */
		067C2E8F5F5A75A68126CD79 /* [CP] Check Pods Manifest.lock */ = {
			isa = PBXShellScriptBuildPhase;
			buildActionMask = 2147483647;
			files = (
			);
			inputPaths = (
			);
			name = "[CP] Check Pods Manifest.lock";
			outputPaths = (
			);
			runOnlyForDeploymentPostprocessing = 0;
			shellPath = /bin/sh;
			shellScript = "diff \"${PODS_ROOT}/../Podfile.lock\" \"${PODS_ROOT}/Manifest.lock\" > /dev/null\nif [[ $? != 0 ]] ; then\n    cat << EOM\nerror: The sandbox is not in sync with the Podfile.lock. Run 'pod install' or update your CocoaPods installation.\nEOM\n    exit 1\nfi\n";
			showEnvVarsInLog = 0;
		};
		1C5661FB5607C4CD4B3D6430 /* [CP] Embed Pods Frameworks */ = {
			isa = PBXShellScriptBuildPhase;
			buildActionMask = 2147483647;
			files = (
			);
			inputPaths = (
			);
			name = "[CP] Embed Pods Frameworks";
			outputPaths = (
			);
			runOnlyForDeploymentPostprocessing = 0;
			shellPath = /bin/sh;
			shellScript = "\"${SRCROOT}/Pods/Target Support Files/Pods-Ambiance/Pods-Ambiance-frameworks.sh\"\n";
			showEnvVarsInLog = 0;
		};
		E6A71574944CDE231114BC0A /* [CP] Copy Pods Resources */ = {
			isa = PBXShellScriptBuildPhase;
			buildActionMask = 2147483647;
			files = (
			);
			inputPaths = (
			);
			name = "[CP] Copy Pods Resources";
			outputPaths = (
			);
			runOnlyForDeploymentPostprocessing = 0;
			shellPath = /bin/sh;
			shellScript = "\"${SRCROOT}/Pods/Target Support Files/Pods-Ambiance/Pods-Ambiance-resources.sh\"\n";
			showEnvVarsInLog = 0;
		};
/* End PBXShellScriptBuildPhase section */

/* Begin PBXSourcesBuildPhase section */
		C97AC2511DD03F590096FE97 /* Sources */ = {
			isa = PBXSourcesBuildPhase;
			buildActionMask = 2147483647;
			files = (
				608E5C1E1DE2B6B9007E2B1F /* CircularView.swift in Sources */,
				C9D0E4941DE1757E000B242A /* ExtUIImageView.swift in Sources */,
				608E5C1C1DE2ABE4007E2B1F /* AlarmOnViewController.swift in Sources */,
				C9D0E4901DE13758000B242A /* DayCheckmarkView.swift in Sources */,
				9BB5CD961DEA521A002C0F26 /* AccountSettingsToggleCell.swift in Sources */,
				C9D0E49A1DE19B33000B242A /* BaseNatureViewController.swift in Sources */,
				C982B8261DDC5AD90098F170 /* WakeUpDayListItem.swift in Sources */,
				C9D0E48C1DE133FA000B242A /* WakeUpEditViewController.swift in Sources */,
				C982B8281DDC62920098F170 /* WakeUpViewController.swift in Sources */,
				C9800B111DE1B4A00007F985 /* SleepViewController.swift in Sources */,
				C982B8221DDC4EE00098F170 /* WakeUpClockView.swift in Sources */,
				9B13DC861DE24A5E007A78F1 /* AlarmSchedule.swift in Sources */,
				608E5C161DE2A663007E2B1F /* AlarmObject.swift in Sources */,
				C9ED9D5F1DE91E790031EB31 /* AlarmConfiguration.swift in Sources */,
				C9E407851DE2EA17004456CA /* UserSession.swift in Sources */,
				C9B5C5941DD2EDE7001EE244 /* MainViewController.swift in Sources */,
				C97AC25B1DD03F590096FE97 /* LoginViewController.swift in Sources */,
				C9ED9D651DE983E50031EB31 /* SleepSynopsisPresenter.swift in Sources */,
				C9D0E49C1DE1AB21000B242A /* SleepContainerViewController.swift in Sources */,
				C9E407831DE2796B004456CA /* WakeUpPresenter.swift in Sources */,
				C9E407811DE2625E004456CA /* SleepConfigureViewController.swift in Sources */,
				C94D6C311DDF0606007F3B03 /* WakeUpContainerViewController.swift in Sources */,
				C9ED9D611DE951F50031EB31 /* SleepConfiguration.swift in Sources */,
				C9B5C5961DD2F3B8001EE244 /* AccountViewController.swift in Sources */,
				C9D0E4921DE16F46000B242A /* ClearNavBar.swift in Sources */,
				9BB5CD9A1DEA5576002C0F26 /* AccountProfileViewCell.swift in Sources */,
				C9E4077F1DE25AEC004456CA /* SleepSynopsisView.swift in Sources */,
				C9D0E48A1DE12676000B242A /* WakeUpConfigureViewController.swift in Sources */,
				608E5C201DE4539E007E2B1F /* AlarmScheduler.swift in Sources */,
				C97AC2591DD03F590096FE97 /* AppDelegate.swift in Sources */,
				C9ED9D631DE9521B0031EB31 /* PlaybackDevice.swift in Sources */,
				C9D0E4961DE183F7000B242A /* Theme.swift in Sources */,
				9BB5CD8D1DE40A0A002C0F26 /* AccountContainerViewController.swift in Sources */,
				C9D0E4981DE18498000B242A /* ExtUIColor.swift in Sources */,
				9B13DC851DE24A5E007A78F1 /* User.swift in Sources */,
			);
			runOnlyForDeploymentPostprocessing = 0;
		};
/* End PBXSourcesBuildPhase section */

/* Begin PBXVariantGroup section */
		C97AC25C1DD03F590096FE97 /* Login.storyboard */ = {
			isa = PBXVariantGroup;
			children = (
				C97AC25D1DD03F590096FE97 /* Base */,
			);
			name = Login.storyboard;
			sourceTree = "<group>";
		};
		C97AC2611DD03F590096FE97 /* LaunchScreen.storyboard */ = {
			isa = PBXVariantGroup;
			children = (
				C97AC2621DD03F590096FE97 /* Base */,
			);
			name = LaunchScreen.storyboard;
			sourceTree = "<group>";
		};
/* End PBXVariantGroup section */

/* Begin XCBuildConfiguration section */
		C97AC2651DD03F590096FE97 /* Debug */ = {
			isa = XCBuildConfiguration;
			buildSettings = {
				ALWAYS_SEARCH_USER_PATHS = NO;
				CLANG_ANALYZER_NONNULL = YES;
				CLANG_CXX_LANGUAGE_STANDARD = "gnu++0x";
				CLANG_CXX_LIBRARY = "libc++";
				CLANG_ENABLE_MODULES = YES;
				CLANG_ENABLE_OBJC_ARC = YES;
				CLANG_WARN_BOOL_CONVERSION = YES;
				CLANG_WARN_CONSTANT_CONVERSION = YES;
				CLANG_WARN_DIRECT_OBJC_ISA_USAGE = YES_ERROR;
				CLANG_WARN_DOCUMENTATION_COMMENTS = YES;
				CLANG_WARN_EMPTY_BODY = YES;
				CLANG_WARN_ENUM_CONVERSION = YES;
				CLANG_WARN_INFINITE_RECURSION = YES;
				CLANG_WARN_INT_CONVERSION = YES;
				CLANG_WARN_OBJC_ROOT_CLASS = YES_ERROR;
				CLANG_WARN_SUSPICIOUS_MOVES = YES;
				CLANG_WARN_UNREACHABLE_CODE = YES;
				CLANG_WARN__DUPLICATE_METHOD_MATCH = YES;
				"CODE_SIGN_IDENTITY[sdk=iphoneos*]" = "iPhone Developer";
				COPY_PHASE_STRIP = NO;
				DEBUG_INFORMATION_FORMAT = dwarf;
				ENABLE_STRICT_OBJC_MSGSEND = YES;
				ENABLE_TESTABILITY = YES;
				GCC_C_LANGUAGE_STANDARD = gnu99;
				GCC_DYNAMIC_NO_PIC = NO;
				GCC_NO_COMMON_BLOCKS = YES;
				GCC_OPTIMIZATION_LEVEL = 0;
				GCC_PREPROCESSOR_DEFINITIONS = (
					"DEBUG=1",
					"$(inherited)",
				);
				GCC_WARN_64_TO_32_BIT_CONVERSION = YES;
				GCC_WARN_ABOUT_RETURN_TYPE = YES_ERROR;
				GCC_WARN_UNDECLARED_SELECTOR = YES;
				GCC_WARN_UNINITIALIZED_AUTOS = YES_AGGRESSIVE;
				GCC_WARN_UNUSED_FUNCTION = YES;
				GCC_WARN_UNUSED_VARIABLE = YES;
				IPHONEOS_DEPLOYMENT_TARGET = 10.0;
				MTL_ENABLE_DEBUG_INFO = YES;
				ONLY_ACTIVE_ARCH = YES;
				SDKROOT = iphoneos;
				SWIFT_ACTIVE_COMPILATION_CONDITIONS = DEBUG;
				SWIFT_OPTIMIZATION_LEVEL = "-Onone";
			};
			name = Debug;
		};
		C97AC2661DD03F590096FE97 /* Release */ = {
			isa = XCBuildConfiguration;
			buildSettings = {
				ALWAYS_SEARCH_USER_PATHS = NO;
				CLANG_ANALYZER_NONNULL = YES;
				CLANG_CXX_LANGUAGE_STANDARD = "gnu++0x";
				CLANG_CXX_LIBRARY = "libc++";
				CLANG_ENABLE_MODULES = YES;
				CLANG_ENABLE_OBJC_ARC = YES;
				CLANG_WARN_BOOL_CONVERSION = YES;
				CLANG_WARN_CONSTANT_CONVERSION = YES;
				CLANG_WARN_DIRECT_OBJC_ISA_USAGE = YES_ERROR;
				CLANG_WARN_DOCUMENTATION_COMMENTS = YES;
				CLANG_WARN_EMPTY_BODY = YES;
				CLANG_WARN_ENUM_CONVERSION = YES;
				CLANG_WARN_INFINITE_RECURSION = YES;
				CLANG_WARN_INT_CONVERSION = YES;
				CLANG_WARN_OBJC_ROOT_CLASS = YES_ERROR;
				CLANG_WARN_SUSPICIOUS_MOVES = YES;
				CLANG_WARN_UNREACHABLE_CODE = YES;
				CLANG_WARN__DUPLICATE_METHOD_MATCH = YES;
				"CODE_SIGN_IDENTITY[sdk=iphoneos*]" = "iPhone Developer";
				COPY_PHASE_STRIP = NO;
				DEBUG_INFORMATION_FORMAT = "dwarf-with-dsym";
				ENABLE_NS_ASSERTIONS = NO;
				ENABLE_STRICT_OBJC_MSGSEND = YES;
				GCC_C_LANGUAGE_STANDARD = gnu99;
				GCC_NO_COMMON_BLOCKS = YES;
				GCC_WARN_64_TO_32_BIT_CONVERSION = YES;
				GCC_WARN_ABOUT_RETURN_TYPE = YES_ERROR;
				GCC_WARN_UNDECLARED_SELECTOR = YES;
				GCC_WARN_UNINITIALIZED_AUTOS = YES_AGGRESSIVE;
				GCC_WARN_UNUSED_FUNCTION = YES;
				GCC_WARN_UNUSED_VARIABLE = YES;
				IPHONEOS_DEPLOYMENT_TARGET = 10.0;
				MTL_ENABLE_DEBUG_INFO = NO;
				SDKROOT = iphoneos;
				SWIFT_OPTIMIZATION_LEVEL = "-Owholemodule";
				VALIDATE_PRODUCT = YES;
			};
			name = Release;
		};
		C97AC2681DD03F590096FE97 /* Debug */ = {
			isa = XCBuildConfiguration;
			baseConfigurationReference = C4A698A06B12F0E8BA7B9EFC /* Pods-Ambiance.debug.xcconfig */;
			buildSettings = {
				ASSETCATALOG_COMPILER_APPICON_NAME = AppIcon;
				CODE_SIGN_ENTITLEMENTS = Ambiance/Ambiance.entitlements;
				DEVELOPMENT_TEAM = KM86JAFSYM;
				INFOPLIST_FILE = Ambiance/Info.plist;
				LD_RUNPATH_SEARCH_PATHS = "$(inherited) @executable_path/Frameworks";
				PRODUCT_BUNDLE_IDENTIFIER = com.thedreamteam.Ambiance;
				PRODUCT_NAME = "$(TARGET_NAME)";
				SWIFT_VERSION = 3.0;
			};
			name = Debug;
		};
		C97AC2691DD03F590096FE97 /* Release */ = {
			isa = XCBuildConfiguration;
			baseConfigurationReference = 9C98B9BDABA225AA8BDCF496 /* Pods-Ambiance.release.xcconfig */;
			buildSettings = {
				ASSETCATALOG_COMPILER_APPICON_NAME = AppIcon;
				CODE_SIGN_ENTITLEMENTS = Ambiance/Ambiance.entitlements;
				DEVELOPMENT_TEAM = KM86JAFSYM;
				INFOPLIST_FILE = Ambiance/Info.plist;
				LD_RUNPATH_SEARCH_PATHS = "$(inherited) @executable_path/Frameworks";
				PRODUCT_BUNDLE_IDENTIFIER = com.thedreamteam.Ambiance;
				PRODUCT_NAME = "$(TARGET_NAME)";
				SWIFT_VERSION = 3.0;
			};
			name = Release;
		};
/* End XCBuildConfiguration section */

/* Begin XCConfigurationList section */
		C97AC2501DD03F590096FE97 /* Build configuration list for PBXProject "Ambiance" */ = {
			isa = XCConfigurationList;
			buildConfigurations = (
				C97AC2651DD03F590096FE97 /* Debug */,
				C97AC2661DD03F590096FE97 /* Release */,
			);
			defaultConfigurationIsVisible = 0;
			defaultConfigurationName = Release;
		};
		C97AC2671DD03F590096FE97 /* Build configuration list for PBXNativeTarget "Ambiance" */ = {
			isa = XCConfigurationList;
			buildConfigurations = (
				C97AC2681DD03F590096FE97 /* Debug */,
				C97AC2691DD03F590096FE97 /* Release */,
			);
			defaultConfigurationIsVisible = 0;
			defaultConfigurationName = Release;
		};
/* End XCConfigurationList section */
	};
	rootObject = C97AC24D1DD03F590096FE97 /* Project object */;
}
